
Microsoft Visual Studio Solution File, Format Version 12.00
# Visual Studio 15
VisualStudioVersion = 15.0.26730.16
MinimumVisualStudioVersion = 10.0.40219.1
Project("{4DF76451-A46A-4C0B-BE03-459FAAFA07E6}") = "AmazonS3", "AmazonS3\AmazonS3.mproj", "{C3C8B4CE-2BCE-4D5B-81A8-27FA94FE9523}"
EndProject
Global
	GlobalSection(SolutionConfigurationPlatforms) = preSolution
		Debug|x86 = Debug|x86
		Release|x86 = Release|x86
	EndGlobalSection
	GlobalSection(ProjectConfigurationPlatforms) = postSolution
		{C3C8B4CE-2BCE-4D5B-81A8-27FA94FE9523}.Debug|x86.ActiveCfg = Debug|x86
		{C3C8B4CE-2BCE-4D5B-81A8-27FA94FE9523}.Debug|x86.Build.0 = Debug|x86
		{C3C8B4CE-2BCE-4D5B-81A8-27FA94FE9523}.Release|x86.ActiveCfg = Release|x86
		{C3C8B4CE-2BCE-4D5B-81A8-27FA94FE9523}.Release|x86.Build.0 = Release|x86
	EndGlobalSection
	GlobalSection(SolutionProperties) = preSolution
		HideSolutionNode = FALSE
	EndGlobalSection
	GlobalSection(ExtensibilityGlobals) = postSolution
		SolutionGuid = {B6736FDF-941A-4DD0-A81B-7BDE7DC89249}
	EndGlobalSection
EndGlobal
